Microsoft Visual Studio Solution File, Format Version 12.00
# Visual Studio Version 17
VisualStudioVersion = 17.5.2.0
MinimumVisualStudioVersion = 10.0.40219.1
Project("{FAE04EC0-301F-11D3-BF4B-00C04F79EFBC}") = "Aufgabe_Lotto", "Aufgabe_Lotto.csproj", "{80E8E1E3-B057-14B1-893E-0AC7ABBA95BC}"
EndProject
Global
	GlobalSection(SolutionConfigurationPlatforms) = preSolution
		Debug|Any CPU = Debug|Any CPU
		Release|Any CPU = Release|Any CPU
	EndGlobalSection
	GlobalSection(ProjectConfigurationPlatforms) = postSolution
		{80E8E1E3-B057-14B1-893E-0AC7ABBA95BC}.Debug|Any CPU.ActiveCfg = Debug|Any CPU
		{80E8E1E3-B057-14B1-893E-0AC7ABBA95BC}.Debug|Any CPU.Build.0 = Debug|Any CPU
		{80E8E1E3-B057-14B1-893E-0AC7ABBA95BC}.Release|Any CPU.ActiveCfg = Release|Any CPU
		{80E8E1E3-B057-14B1-893E-0AC7ABBA95BC}.Release|Any CPU.Build.0 = Release|Any CPU
	EndGlobalSection
	GlobalSection(SolutionProperties) = preSolution
		HideSolutionNode = FALSE
	EndGlobalSection
	GlobalSection(ExtensibilityGlobals) = postSolution
		SolutionGuid = {FA636A0E-E003-4E9A-AC4E-9D1EA16E5ACB}
	EndGlobalSection
EndGlobal
